
Microsoft Visual Studio Solution File, Format Version 12.00
# Visual Studio 15
VisualStudioVersion = 15.0.27703.2042
MinimumVisualStudioVersion = 10.0.40219.1
Project("{FAE04EC0-301F-11D3-BF4B-00C04F79EFBC}") = "Ncma.Api", "Ncma.Api\Ncma.Api.csproj", "{6F382E48-C82C-401F-950E-D4A5D68065A3}"
EndProject
Project("{FAE04EC0-301F-11D3-BF4B-00C04F79EFBC}") = "Ncma.Repository", "Ncma.Repository\Ncma.Repository.csproj", "{DE7A1AA8-30CC-420B-B4C0-89AE8F86C28F}"
EndProject
Project("{FAE04EC0-301F-11D3-BF4B-00C04F79EFBC}") = "Ncma.Core", "Ncma.Core\Ncma.Core.csproj", "{5E8F839F-A118-44BB-B880-8A83BD2DB2DF}"
EndProject
Global
	GlobalSection(SolutionConfigurationPlatforms) = preSolution
		Debug|Any CPU = Debug|Any CPU
		Release|Any CPU = Release|Any CPU
	EndGlobalSection
	GlobalSection(ProjectConfigurationPlatforms) = postSolution
		{6F382E48-C82C-401F-950E-D4A5D68065A3}.Debug|Any CPU.ActiveCfg = Debug|Any CPU
		{6F382E48-C82C-401F-950E-D4A5D68065A3}.Debug|Any CPU.Build.0 = Debug|Any CPU
		{6F382E48-C82C-401F-950E-D4A5D68065A3}.Release|Any CPU.ActiveCfg = Release|Any CPU
		{6F382E48-C82C-401F-950E-D4A5D68065A3}.Release|Any CPU.Build.0 = Release|Any CPU
		{DE7A1AA8-30CC-420B-B4C0-89AE8F86C28F}.Debug|Any CPU.ActiveCfg = Debug|Any CPU
		{DE7A1AA8-30CC-420B-B4C0-89AE8F86C28F}.Debug|Any CPU.Build.0 = Debug|Any CPU
		{DE7A1AA8-30CC-420B-B4C0-89AE8F86C28F}.Release|Any CPU.ActiveCfg = Release|Any CPU
		{DE7A1AA8-30CC-420B-B4C0-89AE8F86C28F}.Release|Any CPU.Build.0 = Release|Any CPU
		{5E8F839F-A118-44BB-B880-8A83BD2DB2DF}.Debug|Any CPU.ActiveCfg = Debug|Any CPU
		{5E8F839F-A118-44BB-B880-8A83BD2DB2DF}.Debug|Any CPU.Build.0 = Debug|Any CPU
		{5E8F839F-A118-44BB-B880-8A83BD2DB2DF}.Release|Any CPU.ActiveCfg = Release|Any CPU
		{5E8F839F-A118-44BB-B880-8A83BD2DB2DF}.Release|Any CPU.Build.0 = Release|Any CPU
	EndGlobalSection
	GlobalSection(SolutionProperties) = preSolution
		HideSolutionNode = FALSE
	EndGlobalSection
	GlobalSection(ExtensibilityGlobals) = postSolution
		SolutionGuid = {9F0F61BD-A72A-4C9A-8EB1-B3A9F56AD7E7}
	EndGlobalSection
EndGlobal
