
Microsoft Visual Studio Solution File, Format Version 12.00
# Visual Studio 15
VisualStudioVersion = 15.0.27703.2042
MinimumVisualStudioVersion = 10.0.40219.1
Project("{9A19103F-16F7-4668-BE54-9A1E7A4F7556}") = "Ncma.Repository", "Ncma.Repository\Ncma.Repository.csproj", "{DE7A1AA8-30CC-420B-B4C0-89AE8F86C28F}"
EndProject
Project("{9A19103F-16F7-4668-BE54-9A1E7A4F7556}") = "Ncma.Core", "Ncma.Core\Ncma.Core.csproj", "{5E8F839F-A118-44BB-B880-8A83BD2DB2DF}"
EndProject
Project("{FAE04EC0-301F-11D3-BF4B-00C04F79EFBC}") = "Ncma.Api2", "Ncma.Api2\Ncma.Api2.csproj", "{CCE8F5DB-8A5A-4238-B548-7387A1B3C0D4}"
EndProject
Global
	GlobalSection(SolutionConfigurationPlatforms) = preSolution
		Debug|Any CPU = Debug|Any CPU
		Release|Any CPU = Release|Any CPU
	EndGlobalSection
	GlobalSection(ProjectConfigurationPlatforms) = postSolution
		{DE7A1AA8-30CC-420B-B4C0-89AE8F86C28F}.Debug|Any CPU.ActiveCfg = Debug|Any CPU
		{DE7A1AA8-30CC-420B-B4C0-89AE8F86C28F}.Debug|Any CPU.Build.0 = Debug|Any CPU
		{DE7A1AA8-30CC-420B-B4C0-89AE8F86C28F}.Release|Any CPU.ActiveCfg = Release|Any CPU
		{DE7A1AA8-30CC-420B-B4C0-89AE8F86C28F}.Release|Any CPU.Build.0 = Release|Any CPU
		{5E8F839F-A118-44BB-B880-8A83BD2DB2DF}.Debug|Any CPU.ActiveCfg = Debug|Any CPU
		{5E8F839F-A118-44BB-B880-8A83BD2DB2DF}.Debug|Any CPU.Build.0 = Debug|Any CPU
		{5E8F839F-A118-44BB-B880-8A83BD2DB2DF}.Release|Any CPU.ActiveCfg = Release|Any CPU
		{5E8F839F-A118-44BB-B880-8A83BD2DB2DF}.Release|Any CPU.Build.0 = Release|Any CPU
		{CCE8F5DB-8A5A-4238-B548-7387A1B3C0D4}.Debug|Any CPU.ActiveCfg = Debug|Any CPU
		{CCE8F5DB-8A5A-4238-B548-7387A1B3C0D4}.Debug|Any CPU.Build.0 = Debug|Any CPU
		{CCE8F5DB-8A5A-4238-B548-7387A1B3C0D4}.Release|Any CPU.ActiveCfg = Release|Any CPU
		{CCE8F5DB-8A5A-4238-B548-7387A1B3C0D4}.Release|Any CPU.Build.0 = Release|Any CPU
	EndGlobalSection
	GlobalSection(SolutionProperties) = preSolution
		HideSolutionNode = FALSE
	EndGlobalSection
	GlobalSection(ExtensibilityGlobals) = postSolution
		SolutionGuid = {9F0F61BD-A72A-4C9A-8EB1-B3A9F56AD7E7}
	EndGlobalSection
EndGlobal
